
Microsoft Visual Studio Solution File, Format Version 12.00
# Visual Studio Version 16
VisualStudioVersion = 16.0.28803.452
MinimumVisualStudioVersion = 10.0.40219.1
Project("{9A19103F-16F7-4668-BE54-9A1E7A4F7556}") = "ConsoleApp", "ConsoleApp\ConsoleApp.csproj", "{69FA3797-35E8-4A5A-A895-7A32675B5766}"
EndProject
Project("{00D1A9C2-B5F0-4AF3-8072-F6C62B433612}") = "Database", "Database\Database.sqlproj", "{4A3B7150-F0DB-437D-93A1-8D66DDBEDF60}"
EndProject
Global
	GlobalSection(SolutionConfigurationPlatforms) = preSolution
		Debug|Any CPU = Debug|Any CPU
		Release|Any CPU = Release|Any CPU
	EndGlobalSection
	GlobalSection(ProjectConfigurationPlatforms) = postSolution
		{69FA3797-35E8-4A5A-A895-7A32675B5766}.Debug|Any CPU.ActiveCfg = Debug|Any CPU
		{69FA3797-35E8-4A5A-A895-7A32675B5766}.Debug|Any CPU.Build.0 = Debug|Any CPU
		{69FA3797-35E8-4A5A-A895-7A32675B5766}.Release|Any CPU.ActiveCfg = Release|Any CPU
		{69FA3797-35E8-4A5A-A895-7A32675B5766}.Release|Any CPU.Build.0 = Release|Any CPU
		{4A3B7150-F0DB-437D-93A1-8D66DDBEDF60}.Debug|Any CPU.ActiveCfg = Debug|Any CPU
		{4A3B7150-F0DB-437D-93A1-8D66DDBEDF60}.Debug|Any CPU.Build.0 = Debug|Any CPU
		{4A3B7150-F0DB-437D-93A1-8D66DDBEDF60}.Debug|Any CPU.Deploy.0 = Debug|Any CPU
		{4A3B7150-F0DB-437D-93A1-8D66DDBEDF60}.Release|Any CPU.ActiveCfg = Release|Any CPU
		{4A3B7150-F0DB-437D-93A1-8D66DDBEDF60}.Release|Any CPU.Build.0 = Release|Any CPU
		{4A3B7150-F0DB-437D-93A1-8D66DDBEDF60}.Release|Any CPU.Deploy.0 = Release|Any CPU
	EndGlobalSection
	GlobalSection(SolutionProperties) = preSolution
		HideSolutionNode = FALSE
	EndGlobalSection
	GlobalSection(ExtensibilityGlobals) = postSolution
		SolutionGuid = {EFBC3E09-301D-40F9-8C85-7D6CAA60D916}
	EndGlobalSection
EndGlobal
